
Microsoft Visual Studio Solution File, Format Version 12.00
# Visual Studio 14
VisualStudioVersion = 14.0.23107.0
MinimumVisualStudioVersion = 10.0.40219.1
Project("{FAE04EC0-301F-11D3-BF4B-00C04F79EFBC}") = "Threads", "Threads\Threads.csproj", "{52F2C7D3-E376-45BB-8DA1-F8E85780C147}"
EndProject
Project("{FAE04EC0-301F-11D3-BF4B-00C04F79EFBC}") = "MultiThreads", "MultiThreads\MultiThreads.csproj", "{F9715B56-B08A-440B-8120-5E609FEEE536}"
EndProject
Global
	GlobalSection(SolutionConfigurationPlatforms) = preSolution
		Debug|Any CPU = Debug|Any CPU
		Release|Any CPU = Release|Any CPU
	EndGlobalSection
	GlobalSection(ProjectConfigurationPlatforms) = postSolution
		{52F2C7D3-E376-45BB-8DA1-F8E85780C147}.Debug|Any CPU.ActiveCfg = Debug|Any CPU
		{52F2C7D3-E376-45BB-8DA1-F8E85780C147}.Debug|Any CPU.Build.0 = Debug|Any CPU
		{52F2C7D3-E376-45BB-8DA1-F8E85780C147}.Release|Any CPU.ActiveCfg = Release|Any CPU
		{52F2C7D3-E376-45BB-8DA1-F8E85780C147}.Release|Any CPU.Build.0 = Release|Any CPU
		{F9715B56-B08A-440B-8120-5E609FEEE536}.Debug|Any CPU.ActiveCfg = Debug|Any CPU
		{F9715B56-B08A-440B-8120-5E609FEEE536}.Debug|Any CPU.Build.0 = Debug|Any CPU
		{F9715B56-B08A-440B-8120-5E609FEEE536}.Release|Any CPU.ActiveCfg = Release|Any CPU
		{F9715B56-B08A-440B-8120-5E609FEEE536}.Release|Any CPU.Build.0 = Release|Any CPU
	EndGlobalSection
	GlobalSection(SolutionProperties) = preSolution
		HideSolutionNode = FALSE
	EndGlobalSection
EndGlobal
